// !$*UTF8*$!
{
	archiveVersion = 1;
	classes = {
	};
	objectVersion = 56;
	objects = {

/* Begin PBXBuildFile section */
		483898D92A01BB5A003D6858 /* TouchdownApp.swift in Sources */ = {isa = PBXBuildFile; fileRef = 483898D82A01BB5A003D6858 /* TouchdownApp.swift */; };
		483898DB2A01BB5A003D6858 /* ContentView.swift in Sources */ = {isa = PBXBuildFile; fileRef = 483898DA2A01BB5A003D6858 /* ContentView.swift */; };
		483898DD2A01BB5B003D6858 /* Assets.xcassets in Resources */ = {isa = PBXBuildFile; fileRef = 483898DC2A01BB5B003D6858 /* Assets.xcassets */; };
		483898E02A01BB5B003D6858 /* Preview Assets.xcassets in Resources */ = {isa = PBXBuildFile; fileRef = 483898DF2A01BB5B003D6858 /* Preview Assets.xcassets */; };
		48CDB44D2A027DC90096507F /* ProductButtonView.swift in Sources */ = {isa = PBXBuildFile; fileRef = 48CDB44C2A027DC90096507F /* ProductButtonView.swift */; };
		48CDB44F2A0284C70096507F /* ProductQuantityFavouriteView.swift in Sources */ = {isa = PBXBuildFile; fileRef = 48CDB44E2A0284C70096507F /* ProductQuantityFavouriteView.swift */; };
		48D0BEF52A01BE25003696AD /* brand.json in Resources */ = {isa = PBXBuildFile; fileRef = 48D0BEF12A01BE25003696AD /* brand.json */; };
		48D0BEF62A01BE25003696AD /* player.json in Resources */ = {isa = PBXBuildFile; fileRef = 48D0BEF22A01BE25003696AD /* player.json */; };
		48D0BEF72A01BE25003696AD /* category.json in Resources */ = {isa = PBXBuildFile; fileRef = 48D0BEF32A01BE25003696AD /* category.json */; };
		48D0BEF82A01BE25003696AD /* product.json in Resources */ = {isa = PBXBuildFile; fileRef = 48D0BEF42A01BE25003696AD /* product.json */; };
		48D0BEFC2A01CD99003696AD /* SystemDesign.swift in Sources */ = {isa = PBXBuildFile; fileRef = 48D0BEFB2A01CD99003696AD /* SystemDesign.swift */; };
		48D0BEFF2A01CE32003696AD /* FooterView.swift in Sources */ = {isa = PBXBuildFile; fileRef = 48D0BEFE2A01CE32003696AD /* FooterView.swift */; };
		48D0BF022A01E07A003696AD /* NavigationBarView.swift in Sources */ = {isa = PBXBuildFile; fileRef = 48D0BF012A01E07A003696AD /* NavigationBarView.swift */; };
		48D0BF042A01E1F6003696AD /* LogoView.swift in Sources */ = {isa = PBXBuildFile; fileRef = 48D0BF032A01E1F6003696AD /* LogoView.swift */; };
		48D0BF062A01EC6F003696AD /* PlayerModel.swift in Sources */ = {isa = PBXBuildFile; fileRef = 48D0BF052A01EC6F003696AD /* PlayerModel.swift */; };
		48D0BF092A01ECCF003696AD /* DataManager.swift in Sources */ = {isa = PBXBuildFile; fileRef = 48D0BF082A01ECCF003696AD /* DataManager.swift */; };
		48D0BF0B2A01EDC5003696AD /* CarouselView.swift in Sources */ = {isa = PBXBuildFile; fileRef = 48D0BF0A2A01EDC5003696AD /* CarouselView.swift */; };
		48E2EA062A01F3A7005B87CB /* CategoryModel.swift in Sources */ = {isa = PBXBuildFile; fileRef = 48E2EA052A01F3A7005B87CB /* CategoryModel.swift */; };
		48E2EA082A01F466005B87CB /* CategoryItemView.swift in Sources */ = {isa = PBXBuildFile; fileRef = 48E2EA072A01F466005B87CB /* CategoryItemView.swift */; };
		48E2EA0A2A01F644005B87CB /* CategoryGridView.swift in Sources */ = {isa = PBXBuildFile; fileRef = 48E2EA092A01F644005B87CB /* CategoryGridView.swift */; };
		48E2EA0C2A01FD87005B87CB /* SectionView.swift in Sources */ = {isa = PBXBuildFile; fileRef = 48E2EA0B2A01FD87005B87CB /* SectionView.swift */; };
		48E2EA0E2A020122005B87CB /* ProductModel.swift in Sources */ = {isa = PBXBuildFile; fileRef = 48E2EA0D2A020122005B87CB /* ProductModel.swift */; };
		48E2EA122A02019A005B87CB /* ProductItemView.swift in Sources */ = {isa = PBXBuildFile; fileRef = 48E2EA112A02019A005B87CB /* ProductItemView.swift */; };
		48E2EA142A020349005B87CB /* ProductGridView.swift in Sources */ = {isa = PBXBuildFile; fileRef = 48E2EA132A020349005B87CB /* ProductGridView.swift */; };
		48E2EA172A020670005B87CB /* BrandItemView.swift in Sources */ = {isa = PBXBuildFile; fileRef = 48E2EA162A020670005B87CB /* BrandItemView.swift */; };
		48E2EA192A020682005B87CB /* BrandModel.swift in Sources */ = {isa = PBXBuildFile; fileRef = 48E2EA182A020682005B87CB /* BrandModel.swift */; };
		48E2EA1B2A020766005B87CB /* BrandGridView.swift in Sources */ = {isa = PBXBuildFile; fileRef = 48E2EA1A2A020766005B87CB /* BrandGridView.swift */; };
		48E2EA1D2A020933005B87CB /* ProductDetailView.swift in Sources */ = {isa = PBXBuildFile; fileRef = 48E2EA1C2A020933005B87CB /* ProductDetailView.swift */; };
		48E2EA222A021481005B87CB /* ProductRatingView.swift in Sources */ = {isa = PBXBuildFile; fileRef = 48E2EA212A021481005B87CB /* ProductRatingView.swift */; };
		48E2EA242A021589005B87CB /* ProductSizesView.swift in Sources */ = {isa = PBXBuildFile; fileRef = 48E2EA232A021589005B87CB /* ProductSizesView.swift */; };
		48E2EA262A021FFB005B87CB /* ProductHeaderView.swift in Sources */ = {isa = PBXBuildFile; fileRef = 48E2EA252A021FFB005B87CB /* ProductHeaderView.swift */; };
/* End PBXBuildFile section */

/* Begin PBXFileReference section */
		483898D52A01BB5A003D6858 /* Touchdown.app */ = {isa = PBXFileReference; explicitFileType = wrapper.application; includeInIndex = 0; path = Touchdown.app; sourceTree = BUILT_PRODUCTS_DIR; };
		483898D82A01BB5A003D6858 /* TouchdownApp.swift */ = {isa = PBXFileReference; lastKnownFileType = sourcecode.swift; path = TouchdownApp.swift; sourceTree = "<group>"; };
		483898DA2A01BB5A003D6858 /* ContentView.swift */ = {isa = PBXFileReference; lastKnownFileType = sourcecode.swift; path = ContentView.swift; sourceTree = "<group>"; };
		483898DC2A01BB5B003D6858 /* Assets.xcassets */ = {isa = PBXFileReference; lastKnownFileType = folder.assetcatalog; path = Assets.xcassets; sourceTree = "<group>"; };
		483898DF2A01BB5B003D6858 /* Preview Assets.xcassets */ = {isa = PBXFileReference; lastKnownFileType = folder.assetcatalog; path = "Preview Assets.xcassets"; sourceTree = "<group>"; };
		48CDB44C2A027DC90096507F /* ProductButtonView.swift */ = {isa = PBXFileReference; lastKnownFileType = sourcecode.swift; path = ProductButtonView.swift; sourceTree = "<group>"; };
		48CDB44E2A0284C70096507F /* ProductQuantityFavouriteView.swift */ = {isa = PBXFileReference; lastKnownFileType = sourcecode.swift; path = ProductQuantityFavouriteView.swift; sourceTree = "<group>"; };
		48D0BEF12A01BE25003696AD /* brand.json */ = {isa = PBXFileReference; fileEncoding = 4; lastKnownFileType = text.json; path = brand.json; sourceTree = "<group>"; };
		48D0BEF22A01BE25003696AD /* player.json */ = {isa = PBXFileReference; fileEncoding = 4; lastKnownFileType = text.json; path = player.json; sourceTree = "<group>"; };
		48D0BEF32A01BE25003696AD /* category.json */ = {isa = PBXFileReference; fileEncoding = 4; lastKnownFileType = text.json; path = category.json; sourceTree = "<group>"; };
		48D0BEF42A01BE25003696AD /* product.json */ = {isa = PBXFileReference; fileEncoding = 4; lastKnownFileType = text.json; path = product.json; sourceTree = "<group>"; };
		48D0BEF92A01C1FF003696AD /* Info.plist */ = {isa = PBXFileReference; lastKnownFileType = text.plist; path = Info.plist; sourceTree = "<group>"; };
		48D0BEFB2A01CD99003696AD /* SystemDesign.swift */ = {isa = PBXFileReference; lastKnownFileType = sourcecode.swift; path = SystemDesign.swift; sourceTree = "<group>"; };
		48D0BEFE2A01CE32003696AD /* FooterView.swift */ = {isa = PBXFileReference; lastKnownFileType = sourcecode.swift; path = FooterView.swift; sourceTree = "<group>"; };
		48D0BF012A01E07A003696AD /* NavigationBarView.swift */ = {isa = PBXFileReference; lastKnownFileType = sourcecode.swift; path = NavigationBarView.swift; sourceTree = "<group>"; };
		48D0BF032A01E1F6003696AD /* LogoView.swift */ = {isa = PBXFileReference; lastKnownFileType = sourcecode.swift; path = LogoView.swift; sourceTree = "<group>"; };
		48D0BF052A01EC6F003696AD /* PlayerModel.swift */ = {isa = PBXFileReference; lastKnownFileType = sourcecode.swift; path = PlayerModel.swift; sourceTree = "<group>"; };
		48D0BF082A01ECCF003696AD /* DataManager.swift */ = {isa = PBXFileReference; lastKnownFileType = sourcecode.swift; path = DataManager.swift; sourceTree = "<group>"; };
		48D0BF0A2A01EDC5003696AD /* CarouselView.swift */ = {isa = PBXFileReference; lastKnownFileType = sourcecode.swift; path = CarouselView.swift; sourceTree = "<group>"; };
		48E2EA052A01F3A7005B87CB /* CategoryModel.swift */ = {isa = PBXFileReference; lastKnownFileType = sourcecode.swift; path = CategoryModel.swift; sourceTree = "<group>"; };
		48E2EA072A01F466005B87CB /* CategoryItemView.swift */ = {isa = PBXFileReference; lastKnownFileType = sourcecode.swift; path = CategoryItemView.swift; sourceTree = "<group>"; };
		48E2EA092A01F644005B87CB /* CategoryGridView.swift */ = {isa = PBXFileReference; lastKnownFileType = sourcecode.swift; path = CategoryGridView.swift; sourceTree = "<group>"; };
		48E2EA0B2A01FD87005B87CB /* SectionView.swift */ = {isa = PBXFileReference; lastKnownFileType = sourcecode.swift; path = SectionView.swift; sourceTree = "<group>"; };
		48E2EA0D2A020122005B87CB /* ProductModel.swift */ = {isa = PBXFileReference; lastKnownFileType = sourcecode.swift; path = ProductModel.swift; sourceTree = "<group>"; };
		48E2EA112A02019A005B87CB /* ProductItemView.swift */ = {isa = PBXFileReference; lastKnownFileType = sourcecode.swift; path = ProductItemView.swift; sourceTree = "<group>"; };
		48E2EA132A020349005B87CB /* ProductGridView.swift */ = {isa = PBXFileReference; lastKnownFileType = sourcecode.swift; path = ProductGridView.swift; sourceTree = "<group>"; };
		48E2EA162A020670005B87CB /* BrandItemView.swift */ = {isa = PBXFileReference; lastKnownFileType = sourcecode.swift; path = BrandItemView.swift; sourceTree = "<group>"; };
		48E2EA182A020682005B87CB /* BrandModel.swift */ = {isa = PBXFileReference; lastKnownFileType = sourcecode.swift; path = BrandModel.swift; sourceTree = "<group>"; };
		48E2EA1A2A020766005B87CB /* BrandGridView.swift */ = {isa = PBXFileReference; lastKnownFileType = sourcecode.swift; path = BrandGridView.swift; sourceTree = "<group>"; };
		48E2EA1C2A020933005B87CB /* ProductDetailView.swift */ = {isa = PBXFileReference; lastKnownFileType = sourcecode.swift; path = ProductDetailView.swift; sourceTree = "<group>"; };
		48E2EA212A021481005B87CB /* ProductRatingView.swift */ = {isa = PBXFileReference; lastKnownFileType = sourcecode.swift; path = ProductRatingView.swift; sourceTree = "<group>"; };
		48E2EA232A021589005B87CB /* ProductSizesView.swift */ = {isa = PBXFileReference; lastKnownFileType = sourcecode.swift; path = ProductSizesView.swift; sourceTree = "<group>"; };
		48E2EA252A021FFB005B87CB /* ProductHeaderView.swift */ = {isa = PBXFileReference; lastKnownFileType = sourcecode.swift; path = ProductHeaderView.swift; sourceTree = "<group>"; };
/* End PBXFileReference section */

/* Begin PBXFrameworksBuildPhase section */
		483898D22A01BB5A003D6858 /* Frameworks */ = {
			isa = PBXFrameworksBuildPhase;
			buildActionMask = 2147483647;
			files = (
			);
			runOnlyForDeploymentPostprocessing = 0;
		};
/* End PBXFrameworksBuildPhase section */

/* Begin PBXGroup section */
		483898CC2A01BB5A003D6858 = {
			isa = PBXGroup;
			children = (
				483898D72A01BB5A003D6858 /* Touchdown */,
				483898D62A01BB5A003D6858 /* Products */,
			);
			sourceTree = "<group>";
		};
		483898D62A01BB5A003D6858 /* Products */ = {
			isa = PBXGroup;
			children = (
				483898D52A01BB5A003D6858 /* Touchdown.app */,
			);
			name = Products;
			sourceTree = "<group>";
		};
		483898D72A01BB5A003D6858 /* Touchdown */ = {
			isa = PBXGroup;
			children = (
				48D0BF072A01ECA6003696AD /* Services */,
				48D0BEFA2A01CD8C003696AD /* Utils */,
				48D0BEF92A01C1FF003696AD /* Info.plist */,
				48D0BEF02A01BE00003696AD /* Model */,
				48D0BEEF2A01BDFD003696AD /* Data */,
				48D0BEEE2A01BDF8003696AD /* View */,
				48D0BEED2A01BDE6003696AD /* Screen */,
				483898D82A01BB5A003D6858 /* TouchdownApp.swift */,
				483898DC2A01BB5B003D6858 /* Assets.xcassets */,
				483898DE2A01BB5B003D6858 /* Preview Content */,
			);
			path = Touchdown;
			sourceTree = "<group>";
		};
		483898DE2A01BB5B003D6858 /* Preview Content */ = {
			isa = PBXGroup;
			children = (
				483898DF2A01BB5B003D6858 /* Preview Assets.xcassets */,
			);
			path = "Preview Content";
			sourceTree = "<group>";
		};
		48D0BEED2A01BDE6003696AD /* Screen */ = {
			isa = PBXGroup;
			children = (
				483898DA2A01BB5A003D6858 /* ContentView.swift */,
			);
			path = Screen;
			sourceTree = "<group>";
		};
		48D0BEEE2A01BDF8003696AD /* View */ = {
			isa = PBXGroup;
			children = (
				48D0BF002A01E05A003696AD /* Commons */,
				48D0BEFD2A01CE1D003696AD /* Home */,
			);
			path = View;
			sourceTree = "<group>";
		};
		48D0BEEF2A01BDFD003696AD /* Data */ = {
			isa = PBXGroup;
			children = (
				48D0BEF12A01BE25003696AD /* brand.json */,
				48D0BEF32A01BE25003696AD /* category.json */,
				48D0BEF22A01BE25003696AD /* player.json */,
				48D0BEF42A01BE25003696AD /* product.json */,
			);
			path = Data;
			sourceTree = "<group>";
		};
		48D0BEF02A01BE00003696AD /* Model */ = {
			isa = PBXGroup;
			children = (
				48D0BF052A01EC6F003696AD /* PlayerModel.swift */,
				48E2EA052A01F3A7005B87CB /* CategoryModel.swift */,
				48E2EA0D2A020122005B87CB /* ProductModel.swift */,
				48E2EA182A020682005B87CB /* BrandModel.swift */,
			);
			path = Model;
			sourceTree = "<group>";
		};
		48D0BEFA2A01CD8C003696AD /* Utils */ = {
			isa = PBXGroup;
			children = (
				48D0BEFB2A01CD99003696AD /* SystemDesign.swift */,
			);
			path = Utils;
			sourceTree = "<group>";
		};
		48D0BEFD2A01CE1D003696AD /* Home */ = {
			isa = PBXGroup;
			children = (
				48E2EA152A02065E005B87CB /* Brand */,
				48E2EA102A020183005B87CB /* Product */,
				48E2EA0F2A02016F005B87CB /* Category */,
				48D0BEFE2A01CE32003696AD /* FooterView.swift */,
				48D0BF0A2A01EDC5003696AD /* CarouselView.swift */,
			);
			path = Home;
			sourceTree = "<group>";
		};
		48D0BF002A01E05A003696AD /* Commons */ = {
			isa = PBXGroup;
			children = (
				48D0BF012A01E07A003696AD /* NavigationBarView.swift */,
				48D0BF032A01E1F6003696AD /* LogoView.swift */,
			);
			path = Commons;
			sourceTree = "<group>";
		};
		48D0BF072A01ECA6003696AD /* Services */ = {
			isa = PBXGroup;
			children = (
				48D0BF082A01ECCF003696AD /* DataManager.swift */,
			);
			path = Services;
			sourceTree = "<group>";
		};
		48E2EA0F2A02016F005B87CB /* Category */ = {
			isa = PBXGroup;
			children = (
				48E2EA072A01F466005B87CB /* CategoryItemView.swift */,
				48E2EA092A01F644005B87CB /* CategoryGridView.swift */,
				48E2EA0B2A01FD87005B87CB /* SectionView.swift */,
			);
			path = Category;
			sourceTree = "<group>";
		};
		48E2EA102A020183005B87CB /* Product */ = {
			isa = PBXGroup;
			children = (
				48E2EA1E2A0211E9005B87CB /* ProductDetailView */,
				48E2EA112A02019A005B87CB /* ProductItemView.swift */,
				48E2EA132A020349005B87CB /* ProductGridView.swift */,
			);
			path = Product;
			sourceTree = "<group>";
		};
		48E2EA152A02065E005B87CB /* Brand */ = {
			isa = PBXGroup;
			children = (
				48E2EA162A020670005B87CB /* BrandItemView.swift */,
				48E2EA1A2A020766005B87CB /* BrandGridView.swift */,
			);
			path = Brand;
			sourceTree = "<group>";
		};
		48E2EA1E2A0211E9005B87CB /* ProductDetailView */ = {
			isa = PBXGroup;
			children = (
				48E2EA1C2A020933005B87CB /* ProductDetailView.swift */,
				48E2EA212A021481005B87CB /* ProductRatingView.swift */,
				48E2EA232A021589005B87CB /* ProductSizesView.swift */,
				48E2EA252A021FFB005B87CB /* ProductHeaderView.swift */,
				48CDB44C2A027DC90096507F /* ProductButtonView.swift */,
				48CDB44E2A0284C70096507F /* ProductQuantityFavouriteView.swift */,
			);
			path = ProductDetailView;
			sourceTree = "<group>";
		};
/* End PBXGroup section */

/* Begin PBXNativeTarget section */
		483898D42A01BB5A003D6858 /* Touchdown */ = {
			isa = PBXNativeTarget;
			buildConfigurationList = 483898E32A01BB5B003D6858 /* Build configuration list for PBXNativeTarget "Touchdown" */;
			buildPhases = (
				483898D12A01BB5A003D6858 /* Sources */,
				483898D22A01BB5A003D6858 /* Frameworks */,
				483898D32A01BB5A003D6858 /* Resources */,
			);
			buildRules = (
			);
			dependencies = (
			);
			name = Touchdown;
			productName = Touchdown;
			productReference = 483898D52A01BB5A003D6858 /* Touchdown.app */;
			productType = "com.apple.product-type.application";
		};
/* End PBXNativeTarget section */

/* Begin PBXProject section */
		483898CD2A01BB5A003D6858 /* Project object */ = {
			isa = PBXProject;
			attributes = {
				BuildIndependentTargetsInParallel = 1;
				LastSwiftUpdateCheck = 1420;
				LastUpgradeCheck = 1420;
				TargetAttributes = {
					483898D42A01BB5A003D6858 = {
						CreatedOnToolsVersion = 14.2;
					};
				};
			};
			buildConfigurationList = 483898D02A01BB5A003D6858 /* Build configuration list for PBXProject "Touchdown" */;
			compatibilityVersion = "Xcode 14.0";
			developmentRegion = en;
			hasScannedForEncodings = 0;
			knownRegions = (
				en,
				Base,
			);
			mainGroup = 483898CC2A01BB5A003D6858;
			productRefGroup = 483898D62A01BB5A003D6858 /* Products */;
			projectDirPath = "";
			projectRoot = "";
			targets = (
				483898D42A01BB5A003D6858 /* Touchdown */,
			);
		};
/* End PBXProject section */

/* Begin PBXResourcesBuildPhase section */
		483898D32A01BB5A003D6858 /* Resources */ = {
			isa = PBXResourcesBuildPhase;
			buildActionMask = 2147483647;
			files = (
				48D0BEF62A01BE25003696AD /* player.json in Resources */,
				483898E02A01BB5B003D6858 /* Preview Assets.xcassets in Resources */,
				48D0BEF72A01BE25003696AD /* category.json in Resources */,
				483898DD2A01BB5B003D6858 /* Assets.xcassets in Resources */,
				48D0BEF52A01BE25003696AD /* brand.json in Resources */,
				48D0BEF82A01BE25003696AD /* product.json in Resources */,
			);
			runOnlyForDeploymentPostprocessing = 0;
		};
/* End PBXResourcesBuildPhase section */

/* Begin PBXSourcesBuildPhase section */
		483898D12A01BB5A003D6858 /* Sources */ = {
			isa = PBXSourcesBuildPhase;
			buildActionMask = 2147483647;
			files = (
				48E2EA122A02019A005B87CB /* ProductItemView.swift in Sources */,
				48E2EA1D2A020933005B87CB /* ProductDetailView.swift in Sources */,
				48E2EA0A2A01F644005B87CB /* CategoryGridView.swift in Sources */,
				48E2EA172A020670005B87CB /* BrandItemView.swift in Sources */,
				48E2EA142A020349005B87CB /* ProductGridView.swift in Sources */,
				483898DB2A01BB5A003D6858 /* ContentView.swift in Sources */,
				48CDB44F2A0284C70096507F /* ProductQuantityFavouriteView.swift in Sources */,
				48D0BF042A01E1F6003696AD /* LogoView.swift in Sources */,
				48D0BEFF2A01CE32003696AD /* FooterView.swift in Sources */,
				48E2EA062A01F3A7005B87CB /* CategoryModel.swift in Sources */,
				48E2EA0E2A020122005B87CB /* ProductModel.swift in Sources */,
				48CDB44D2A027DC90096507F /* ProductButtonView.swift in Sources */,
				48E2EA242A021589005B87CB /* ProductSizesView.swift in Sources */,
				48E2EA1B2A020766005B87CB /* BrandGridView.swift in Sources */,
				483898D92A01BB5A003D6858 /* TouchdownApp.swift in Sources */,
				48D0BF0B2A01EDC5003696AD /* CarouselView.swift in Sources */,
				48E2EA262A021FFB005B87CB /* ProductHeaderView.swift in Sources */,
				48D0BEFC2A01CD99003696AD /* SystemDesign.swift in Sources */,
				48E2EA0C2A01FD87005B87CB /* SectionView.swift in Sources */,
				48D0BF092A01ECCF003696AD /* DataManager.swift in Sources */,
				48D0BF022A01E07A003696AD /* NavigationBarView.swift in Sources */,
				48E2EA192A020682005B87CB /* BrandModel.swift in Sources */,
				48E2EA082A01F466005B87CB /* CategoryItemView.swift in Sources */,
				48D0BF062A01EC6F003696AD /* PlayerModel.swift in Sources */,
				48E2EA222A021481005B87CB /* ProductRatingView.swift in Sources */,
			);
			runOnlyForDeploymentPostprocessing = 0;
		};
/* End PBXSourcesBuildPhase section */

/* Begin XCBuildConfiguration section */
		483898E12A01BB5B003D6858 /* Debug */ = {
			isa = XCBuildConfiguration;
			buildSettings = {
				ALWAYS_SEARCH_USER_PATHS = NO;
				CLANG_ANALYZER_NONNULL = YES;
				CLANG_ANALYZER_NUMBER_OBJECT_CONVERSION = YES_AGGRESSIVE;
				CLANG_CXX_LANGUAGE_STANDARD = "gnu++20";
				CLANG_ENABLE_MODULES = YES;
				CLANG_ENABLE_OBJC_ARC = YES;
				CLANG_ENABLE_OBJC_WEAK = YES;
				CLANG_WARN_BLOCK_CAPTURE_AUTORELEASING = YES;
				CLANG_WARN_BOOL_CONVERSION = YES;
				CLANG_WARN_COMMA = YES;
				CLANG_WARN_CONSTANT_CONVERSION = YES;
				CLANG_WARN_DEPRECATED_OBJC_IMPLEMENTATIONS = YES;
				CLANG_WARN_DIRECT_OBJC_ISA_USAGE = YES_ERROR;
				CLANG_WARN_DOCUMENTATION_COMMENTS = YES;
				CLANG_WARN_EMPTY_BODY = YES;
				CLANG_WARN_ENUM_CONVERSION = YES;
				CLANG_WARN_INFINITE_RECURSION = YES;
				CLANG_WARN_INT_CONVERSION = YES;
				CLANG_WARN_NON_LITERAL_NULL_CONVERSION = YES;
				CLANG_WARN_OBJC_IMPLICIT_RETAIN_SELF = YES;
				CLANG_WARN_OBJC_LITERAL_CONVERSION = YES;
				CLANG_WARN_OBJC_ROOT_CLASS = YES_ERROR;
				CLANG_WARN_QUOTED_INCLUDE_IN_FRAMEWORK_HEADER = YES;
				CLANG_WARN_RANGE_LOOP_ANALYSIS = YES;
				CLANG_WARN_STRICT_PROTOTYPES = YES;
				CLANG_WARN_SUSPICIOUS_MOVE = YES;
				CLANG_WARN_UNGUARDED_AVAILABILITY = YES_AGGRESSIVE;
				CLANG_WARN_UNREACHABLE_CODE = YES;
				CLANG_WARN__DUPLICATE_METHOD_MATCH = YES;
				COPY_PHASE_STRIP = NO;
				DEBUG_INFORMATION_FORMAT = dwarf;
				ENABLE_STRICT_OBJC_MSGSEND = YES;
				ENABLE_TESTABILITY = YES;
				GCC_C_LANGUAGE_STANDARD = gnu11;
				GCC_DYNAMIC_NO_PIC = NO;
				GCC_NO_COMMON_BLOCKS = YES;
				GCC_OPTIMIZATION_LEVEL = 0;
				GCC_PREPROCESSOR_DEFINITIONS = (
					"DEBUG=1",
					"$(inherited)",
				);
				GCC_WARN_64_TO_32_BIT_CONVERSION = YES;
				GCC_WARN_ABOUT_RETURN_TYPE = YES_ERROR;
				GCC_WARN_UNDECLARED_SELECTOR = YES;
				GCC_WARN_UNINITIALIZED_AUTOS = YES_AGGRESSIVE;
				GCC_WARN_UNUSED_FUNCTION = YES;
				GCC_WARN_UNUSED_VARIABLE = YES;
				IPHONEOS_DEPLOYMENT_TARGET = 16.2;
				MTL_ENABLE_DEBUG_INFO = INCLUDE_SOURCE;
				MTL_FAST_MATH = YES;
				ONLY_ACTIVE_ARCH = YES;
				SDKROOT = iphoneos;
				SWIFT_ACTIVE_COMPILATION_CONDITIONS = DEBUG;
				SWIFT_OPTIMIZATION_LEVEL = "-Onone";
			};
			name = Debug;
		};
		483898E22A01BB5B003D6858 /* Release */ = {
			isa = XCBuildConfiguration;
			buildSettings = {
				ALWAYS_SEARCH_USER_PATHS = NO;
				CLANG_ANALYZER_NONNULL = YES;
				CLANG_ANALYZER_NUMBER_OBJECT_CONVERSION = YES_AGGRESSIVE;
				CLANG_CXX_LANGUAGE_STANDARD = "gnu++20";
				CLANG_ENABLE_MODULES = YES;
				CLANG_ENABLE_OBJC_ARC = YES;
				CLANG_ENABLE_OBJC_WEAK = YES;
				CLANG_WARN_BLOCK_CAPTURE_AUTORELEASING = YES;
				CLANG_WARN_BOOL_CONVERSION = YES;
				CLANG_WARN_COMMA = YES;
				CLANG_WARN_CONSTANT_CONVERSION = YES;
				CLANG_WARN_DEPRECATED_OBJC_IMPLEMENTATIONS = YES;
				CLANG_WARN_DIRECT_OBJC_ISA_USAGE = YES_ERROR;
				CLANG_WARN_DOCUMENTATION_COMMENTS = YES;
				CLANG_WARN_EMPTY_BODY = YES;
				CLANG_WARN_ENUM_CONVERSION = YES;
				CLANG_WARN_INFINITE_RECURSION = YES;
				CLANG_WARN_INT_CONVERSION = YES;
				CLANG_WARN_NON_LITERAL_NULL_CONVERSION = YES;
				CLANG_WARN_OBJC_IMPLICIT_RETAIN_SELF = YES;
				CLANG_WARN_OBJC_LITERAL_CONVERSION = YES;
				CLANG_WARN_OBJC_ROOT_CLASS = YES_ERROR;
				CLANG_WARN_QUOTED_INCLUDE_IN_FRAMEWORK_HEADER = YES;
				CLANG_WARN_RANGE_LOOP_ANALYSIS = YES;
				CLANG_WARN_STRICT_PROTOTYPES = YES;
				CLANG_WARN_SUSPICIOUS_MOVE = YES;
				CLANG_WARN_UNGUARDED_AVAILABILITY = YES_AGGRESSIVE;
				CLANG_WARN_UNREACHABLE_CODE = YES;
				CLANG_WARN__DUPLICATE_METHOD_MATCH = YES;
				COPY_PHASE_STRIP = NO;
				DEBUG_INFORMATION_FORMAT = "dwarf-with-dsym";
				ENABLE_NS_ASSERTIONS = NO;
				ENABLE_STRICT_OBJC_MSGSEND = YES;
				GCC_C_LANGUAGE_STANDARD = gnu11;
				GCC_NO_COMMON_BLOCKS = YES;
				GCC_WARN_64_TO_32_BIT_CONVERSION = YES;
				GCC_WARN_ABOUT_RETURN_TYPE = YES_ERROR;
				GCC_WARN_UNDECLARED_SELECTOR = YES;
				GCC_WARN_UNINITIALIZED_AUTOS = YES_AGGRESSIVE;
				GCC_WARN_UNUSED_FUNCTION = YES;
				GCC_WARN_UNUSED_VARIABLE = YES;
				IPHONEOS_DEPLOYMENT_TARGET = 16.2;
				MTL_ENABLE_DEBUG_INFO = NO;
				MTL_FAST_MATH = YES;
				SDKROOT = iphoneos;
				SWIFT_COMPILATION_MODE = wholemodule;
				SWIFT_OPTIMIZATION_LEVEL = "-O";
				VALIDATE_PRODUCT = YES;
			};
			name = Release;
		};
		483898E42A01BB5B003D6858 /* Debug */ = {
			isa = XCBuildConfiguration;
			buildSettings = {
				ASSETCATALOG_COMPILER_APPICON_NAME = AppIcon;
				ASSETCATALOG_COMPILER_GLOBAL_ACCENT_COLOR_NAME = AccentColor;
				CODE_SIGN_STYLE = Automatic;
				CURRENT_PROJECT_VERSION = 1;
				DEVELOPMENT_ASSET_PATHS = "\"Touchdown/Preview Content\"";
				DEVELOPMENT_TEAM = 4VMTKGDC5W;
				ENABLE_PREVIEWS = YES;
				GENERATE_INFOPLIST_FILE = YES;
				INFOPLIST_FILE = Touchdown/Info.plist;
				INFOPLIST_KEY_UIApplicationSceneManifest_Generation = YES;
				INFOPLIST_KEY_UIApplicationSupportsIndirectInputEvents = YES;
				INFOPLIST_KEY_UISupportedInterfaceOrientations_iPad = "UIInterfaceOrientationPortrait UIInterfaceOrientationPortraitUpsideDown UIInterfaceOrientationLandscapeLeft UIInterfaceOrientationLandscapeRight";
				INFOPLIST_KEY_UISupportedInterfaceOrientations_iPhone = "UIInterfaceOrientationPortrait UIInterfaceOrientationLandscapeLeft UIInterfaceOrientationLandscapeRight";
				INFOPLIST_KEY_UIUserInterfaceStyle = Light;
				LD_RUNPATH_SEARCH_PATHS = (
					"$(inherited)",
					"@executable_path/Frameworks",
				);
				MARKETING_VERSION = 1.0;
				PRODUCT_BUNDLE_IDENTIFIER = com.giovannamoeller.Touchdown;
				PRODUCT_NAME = "$(TARGET_NAME)";
				SWIFT_EMIT_LOC_STRINGS = YES;
				SWIFT_VERSION = 5.0;
				TARGETED_DEVICE_FAMILY = "1,2";
			};
			name = Debug;
		};
		483898E52A01BB5B003D6858 /* Release */ = {
			isa = XCBuildConfiguration;
			buildSettings = {
				ASSETCATALOG_COMPILER_APPICON_NAME = AppIcon;
				ASSETCATALOG_COMPILER_GLOBAL_ACCENT_COLOR_NAME = AccentColor;
				CODE_SIGN_STYLE = Automatic;
				CURRENT_PROJECT_VERSION = 1;
				DEVELOPMENT_ASSET_PATHS = "\"Touchdown/Preview Content\"";
				DEVELOPMENT_TEAM = 4VMTKGDC5W;
				ENABLE_PREVIEWS = YES;
				GENERATE_INFOPLIST_FILE = YES;
				INFOPLIST_FILE = Touchdown/Info.plist;
				INFOPLIST_KEY_UIApplicationSceneManifest_Generation = YES;
				INFOPLIST_KEY_UIApplicationSupportsIndirectInputEvents = YES;
				INFOPLIST_KEY_UISupportedInterfaceOrientations_iPad = "UIInterfaceOrientationPortrait UIInterfaceOrientationPortraitUpsideDown UIInterfaceOrientationLandscapeLeft UIInterfaceOrientationLandscapeRight";
				INFOPLIST_KEY_UISupportedInterfaceOrientations_iPhone = "UIInterfaceOrientationPortrait UIInterfaceOrientationLandscapeLeft UIInterfaceOrientationLandscapeRight";
				INFOPLIST_KEY_UIUserInterfaceStyle = Light;
				LD_RUNPATH_SEARCH_PATHS = (
					"$(inherited)",
					"@executable_path/Frameworks",
				);
				MARKETING_VERSION = 1.0;
				PRODUCT_BUNDLE_IDENTIFIER = com.giovannamoeller.Touchdown;
				PRODUCT_NAME = "$(TARGET_NAME)";
				SWIFT_EMIT_LOC_STRINGS = YES;
				SWIFT_VERSION = 5.0;
				TARGETED_DEVICE_FAMILY = "1,2";
			};
			name = Release;
		};
/* End XCBuildConfiguration section */

/* Begin XCConfigurationList section */
		483898D02A01BB5A003D6858 /* Build configuration list for PBXProject "Touchdown" */ = {
			isa = XCConfigurationList;
			buildConfigurations = (
				483898E12A01BB5B003D6858 /* Debug */,
				483898E22A01BB5B003D6858 /* Release */,
			);
			defaultConfigurationIsVisible = 0;
			defaultConfigurationName = Release;
		};
		483898E32A01BB5B003D6858 /* Build configuration list for PBXNativeTarget "Touchdown" */ = {
			isa = XCConfigurationList;
			buildConfigurations = (
				483898E42A01BB5B003D6858 /* Debug */,
				483898E52A01BB5B003D6858 /* Release */,
			);
			defaultConfigurationIsVisible = 0;
			defaultConfigurationName = Release;
		};
/* End XCConfigurationList section */
	};
	rootObject = 483898CD2A01BB5A003D6858 /* Project object */;
}
